
Microsoft Visual Studio Solution File, Format Version 12.00
# Visual Studio Version 17
VisualStudioVersion = 17.6.33723.286
MinimumVisualStudioVersion = 10.0.40219.1
Project("{FAE04EC0-301F-11D3-BF4B-00C04F79EFBC}") = "ProjectChat", "ProjectChat\ProjectChat.csproj", "{D92ECD97-92F7-4357-9E2C-DB920D18D366}"
EndProject
Global
	GlobalSection(SolutionConfigurationPlatforms) = preSolution
		Debug|Any CPU = Debug|Any CPU
		Release|Any CPU = Release|Any CPU
	EndGlobalSection
	GlobalSection(ProjectConfigurationPlatforms) = postSolution
		{D92ECD97-92F7-4357-9E2C-DB920D18D366}.Debug|Any CPU.ActiveCfg = Debug|Any CPU
		{D92ECD97-92F7-4357-9E2C-DB920D18D366}.Debug|Any CPU.Build.0 = Debug|Any CPU
		{D92ECD97-92F7-4357-9E2C-DB920D18D366}.Release|Any CPU.ActiveCfg = Release|Any CPU
		{D92ECD97-92F7-4357-9E2C-DB920D18D366}.Release|Any CPU.Build.0 = Release|Any CPU
	EndGlobalSection
	GlobalSection(SolutionProperties) = preSolution
		HideSolutionNode = FALSE
	EndGlobalSection
	GlobalSection(ExtensibilityGlobals) = postSolution
		SolutionGuid = {26834704-9E67-4A65-9A88-DCB43397E9F4}
	EndGlobalSection
EndGlobal
